
Microsoft Visual Studio Solution File, Format Version 12.00
# Visual Studio 14
VisualStudioVersion = 14.0.25420.1
MinimumVisualStudioVersion = 10.0.40219.1
Project("{FAE04EC0-301F-11D3-BF4B-00C04F79EFBC}") = "DemoL090", "WpfApplication1\DemoL090.csproj", "{DC60800F-827C-4661-912D-9ED956B66F01}"
EndProject
Project("{FAE04EC0-301F-11D3-BF4B-00C04F79EFBC}") = "L09T01", "L09T01\L09T01.csproj", "{770AF836-3436-4253-8A03-F5378B777604}"
EndProject
Project("{FAE04EC0-301F-11D3-BF4B-00C04F79EFBC}") = "L09T02", "L09T02\L09T02.csproj", "{104D6301-F2A3-4B8B-8305-4E4A1C7298E7}"
EndProject
Project("{FAE04EC0-301F-11D3-BF4B-00C04F79EFBC}") = "L09T03", "L09T03\L09T03.csproj", "{437BAA97-6372-409C-AA32-71BC60A8BF7D}"
EndProject
Project("{FAE04EC0-301F-11D3-BF4B-00C04F79EFBC}") = "L10DEMO", "L10DEMO\L10DEMO.csproj", "{CD69EA3C-0BB4-4E9E-BE2D-774DFFE22684}"
EndProject
Global
	GlobalSection(SolutionConfigurationPlatforms) = preSolution
		Debug|Any CPU = Debug|Any CPU
		Release|Any CPU = Release|Any CPU
	EndGlobalSection
	GlobalSection(ProjectConfigurationPlatforms) = postSolution
		{DC60800F-827C-4661-912D-9ED956B66F01}.Debug|Any CPU.ActiveCfg = Debug|Any CPU
		{DC60800F-827C-4661-912D-9ED956B66F01}.Debug|Any CPU.Build.0 = Debug|Any CPU
		{DC60800F-827C-4661-912D-9ED956B66F01}.Release|Any CPU.ActiveCfg = Release|Any CPU
		{DC60800F-827C-4661-912D-9ED956B66F01}.Release|Any CPU.Build.0 = Release|Any CPU
		{770AF836-3436-4253-8A03-F5378B777604}.Debug|Any CPU.ActiveCfg = Debug|Any CPU
		{770AF836-3436-4253-8A03-F5378B777604}.Debug|Any CPU.Build.0 = Debug|Any CPU
		{770AF836-3436-4253-8A03-F5378B777604}.Release|Any CPU.ActiveCfg = Release|Any CPU
		{770AF836-3436-4253-8A03-F5378B777604}.Release|Any CPU.Build.0 = Release|Any CPU
		{104D6301-F2A3-4B8B-8305-4E4A1C7298E7}.Debug|Any CPU.ActiveCfg = Debug|Any CPU
		{104D6301-F2A3-4B8B-8305-4E4A1C7298E7}.Debug|Any CPU.Build.0 = Debug|Any CPU
		{104D6301-F2A3-4B8B-8305-4E4A1C7298E7}.Release|Any CPU.ActiveCfg = Release|Any CPU
		{104D6301-F2A3-4B8B-8305-4E4A1C7298E7}.Release|Any CPU.Build.0 = Release|Any CPU
		{437BAA97-6372-409C-AA32-71BC60A8BF7D}.Debug|Any CPU.ActiveCfg = Debug|Any CPU
		{437BAA97-6372-409C-AA32-71BC60A8BF7D}.Debug|Any CPU.Build.0 = Debug|Any CPU
		{437BAA97-6372-409C-AA32-71BC60A8BF7D}.Release|Any CPU.ActiveCfg = Release|Any CPU
		{437BAA97-6372-409C-AA32-71BC60A8BF7D}.Release|Any CPU.Build.0 = Release|Any CPU
		{CD69EA3C-0BB4-4E9E-BE2D-774DFFE22684}.Debug|Any CPU.ActiveCfg = Debug|Any CPU
		{CD69EA3C-0BB4-4E9E-BE2D-774DFFE22684}.Debug|Any CPU.Build.0 = Debug|Any CPU
		{CD69EA3C-0BB4-4E9E-BE2D-774DFFE22684}.Release|Any CPU.ActiveCfg = Release|Any CPU
		{CD69EA3C-0BB4-4E9E-BE2D-774DFFE22684}.Release|Any CPU.Build.0 = Release|Any CPU
	EndGlobalSection
	GlobalSection(SolutionProperties) = preSolution
		HideSolutionNode = FALSE
	EndGlobalSection
EndGlobal
