
Microsoft Visual Studio Solution File, Format Version 12.00
# Visual Studio 14
VisualStudioVersion = 14.0.25420.1
MinimumVisualStudioVersion = 10.0.40219.1
Project("{FAE04EC0-301F-11D3-BF4B-00C04F79EFBC}") = "DemoL090", "WpfApplication1\DemoL090.csproj", "{DC60800F-827C-4661-912D-9ED956B66F01}"
EndProject
Project("{FAE04EC0-301F-11D3-BF4B-00C04F79EFBC}") = "L09T01", "L09T01\L09T01.csproj", "{770AF836-3436-4253-8A03-F5378B777604}"
EndProject
Project("{FAE04EC0-301F-11D3-BF4B-00C04F79EFBC}") = "L09T02", "L09T02\L09T02.csproj", "{104D6301-F2A3-4B8B-8305-4E4A1C7298E7}"
EndProject
Project("{FAE04EC0-301F-11D3-BF4B-00C04F79EFBC}") = "L09T03", "L09T03\L09T03.csproj", "{437BAA97-6372-409C-AA32-71BC60A8BF7D}"
EndProject
Project("{FAE04EC0-301F-11D3-BF4B-00C04F79EFBC}") = "L10T0(Demo)", "L10DEMO\L10T0(Demo).csproj", "{CD69EA3C-0BB4-4E9E-BE2D-774DFFE22684}"
EndProject
Project("{FAE04EC0-301F-11D3-BF4B-00C04F79EFBC}") = "L10T0", "L10T0\L10T0.csproj", "{2444579F-744D-480C-BEA8-9C1A0FC27BCA}"
EndProject
Project("{FAE04EC0-301F-11D3-BF4B-00C04F79EFBC}") = "L10T3", "L10T3\L10T3.csproj", "{4C6FCF5C-943F-4626-B8EA-86FEE09B9175}"
EndProject
Project("{FAE04EC0-301F-11D3-BF4B-00C04F79EFBC}") = "L10T4", "L10T4\L10T4.csproj", "{C7B13C17-6814-4541-ACDD-A5E3803CC1D6}"
EndProject
Project("{FAE04EC0-301F-11D3-BF4B-00C04F79EFBC}") = "L10T02", "L10T01\L10T02.csproj", "{F04809D7-057D-4C09-BBFD-27AB59AC4A9A}"
EndProject
Project("{FAE04EC0-301F-11D3-BF4B-00C04F79EFBC}") = "L11Demo", "L11Demo\L11Demo.csproj", "{14CE17AD-BD15-4074-94F3-FEACD842C8C5}"
EndProject
Project("{FAE04EC0-301F-11D3-BF4B-00C04F79EFBC}") = "L11T3", "L11T3\L11T3.csproj", "{C974DE38-1BA6-4FC2-AE94-6F86520C3346}"
EndProject
Project("{FAE04EC0-301F-11D3-BF4B-00C04F79EFBC}") = "L11TOMAIDEA", "L11TOMAIDEA\L11TOMAIDEA.csproj", "{8E651847-DFAC-4594-B2F4-9FF29851913F}"
EndProject
Project("{FAE04EC0-301F-11D3-BF4B-00C04F79EFBC}") = "Something", "Something\Something.csproj", "{42D9E49E-B2C1-4C49-B808-24A4BD185D2E}"
EndProject
Project("{FAE04EC0-301F-11D3-BF4B-00C04F79EFBC}") = "Something2", "Something2\Something2.csproj", "{7DEE6CDE-35F5-455B-A9FB-A614CD71FD74}"
EndProject
Global
	GlobalSection(SolutionConfigurationPlatforms) = preSolution
		Debug|Any CPU = Debug|Any CPU
		Release|Any CPU = Release|Any CPU
	EndGlobalSection
	GlobalSection(ProjectConfigurationPlatforms) = postSolution
		{DC60800F-827C-4661-912D-9ED956B66F01}.Debug|Any CPU.ActiveCfg = Debug|Any CPU
		{DC60800F-827C-4661-912D-9ED956B66F01}.Debug|Any CPU.Build.0 = Debug|Any CPU
		{DC60800F-827C-4661-912D-9ED956B66F01}.Release|Any CPU.ActiveCfg = Release|Any CPU
		{DC60800F-827C-4661-912D-9ED956B66F01}.Release|Any CPU.Build.0 = Release|Any CPU
		{770AF836-3436-4253-8A03-F5378B777604}.Debug|Any CPU.ActiveCfg = Debug|Any CPU
		{770AF836-3436-4253-8A03-F5378B777604}.Debug|Any CPU.Build.0 = Debug|Any CPU
		{770AF836-3436-4253-8A03-F5378B777604}.Release|Any CPU.ActiveCfg = Release|Any CPU
		{770AF836-3436-4253-8A03-F5378B777604}.Release|Any CPU.Build.0 = Release|Any CPU
		{104D6301-F2A3-4B8B-8305-4E4A1C7298E7}.Debug|Any CPU.ActiveCfg = Debug|Any CPU
		{104D6301-F2A3-4B8B-8305-4E4A1C7298E7}.Debug|Any CPU.Build.0 = Debug|Any CPU
		{104D6301-F2A3-4B8B-8305-4E4A1C7298E7}.Release|Any CPU.ActiveCfg = Release|Any CPU
		{104D6301-F2A3-4B8B-8305-4E4A1C7298E7}.Release|Any CPU.Build.0 = Release|Any CPU
		{437BAA97-6372-409C-AA32-71BC60A8BF7D}.Debug|Any CPU.ActiveCfg = Debug|Any CPU
		{437BAA97-6372-409C-AA32-71BC60A8BF7D}.Debug|Any CPU.Build.0 = Debug|Any CPU
		{437BAA97-6372-409C-AA32-71BC60A8BF7D}.Release|Any CPU.ActiveCfg = Release|Any CPU
		{437BAA97-6372-409C-AA32-71BC60A8BF7D}.Release|Any CPU.Build.0 = Release|Any CPU
		{CD69EA3C-0BB4-4E9E-BE2D-774DFFE22684}.Debug|Any CPU.ActiveCfg = Debug|Any CPU
		{CD69EA3C-0BB4-4E9E-BE2D-774DFFE22684}.Debug|Any CPU.Build.0 = Debug|Any CPU
		{CD69EA3C-0BB4-4E9E-BE2D-774DFFE22684}.Release|Any CPU.ActiveCfg = Release|Any CPU
		{CD69EA3C-0BB4-4E9E-BE2D-774DFFE22684}.Release|Any CPU.Build.0 = Release|Any CPU
		{2444579F-744D-480C-BEA8-9C1A0FC27BCA}.Debug|Any CPU.ActiveCfg = Debug|Any CPU
		{2444579F-744D-480C-BEA8-9C1A0FC27BCA}.Debug|Any CPU.Build.0 = Debug|Any CPU
		{2444579F-744D-480C-BEA8-9C1A0FC27BCA}.Release|Any CPU.ActiveCfg = Release|Any CPU
		{2444579F-744D-480C-BEA8-9C1A0FC27BCA}.Release|Any CPU.Build.0 = Release|Any CPU
		{4C6FCF5C-943F-4626-B8EA-86FEE09B9175}.Debug|Any CPU.ActiveCfg = Debug|Any CPU
		{4C6FCF5C-943F-4626-B8EA-86FEE09B9175}.Debug|Any CPU.Build.0 = Debug|Any CPU
		{4C6FCF5C-943F-4626-B8EA-86FEE09B9175}.Release|Any CPU.ActiveCfg = Release|Any CPU
		{4C6FCF5C-943F-4626-B8EA-86FEE09B9175}.Release|Any CPU.Build.0 = Release|Any CPU
		{C7B13C17-6814-4541-ACDD-A5E3803CC1D6}.Debug|Any CPU.ActiveCfg = Debug|Any CPU
		{C7B13C17-6814-4541-ACDD-A5E3803CC1D6}.Debug|Any CPU.Build.0 = Debug|Any CPU
		{C7B13C17-6814-4541-ACDD-A5E3803CC1D6}.Release|Any CPU.ActiveCfg = Release|Any CPU
		{C7B13C17-6814-4541-ACDD-A5E3803CC1D6}.Release|Any CPU.Build.0 = Release|Any CPU
		{F04809D7-057D-4C09-BBFD-27AB59AC4A9A}.Debug|Any CPU.ActiveCfg = Debug|Any CPU
		{F04809D7-057D-4C09-BBFD-27AB59AC4A9A}.Debug|Any CPU.Build.0 = Debug|Any CPU
		{F04809D7-057D-4C09-BBFD-27AB59AC4A9A}.Release|Any CPU.ActiveCfg = Release|Any CPU
		{F04809D7-057D-4C09-BBFD-27AB59AC4A9A}.Release|Any CPU.Build.0 = Release|Any CPU
		{14CE17AD-BD15-4074-94F3-FEACD842C8C5}.Debug|Any CPU.ActiveCfg = Debug|Any CPU
		{14CE17AD-BD15-4074-94F3-FEACD842C8C5}.Debug|Any CPU.Build.0 = Debug|Any CPU
		{14CE17AD-BD15-4074-94F3-FEACD842C8C5}.Release|Any CPU.ActiveCfg = Release|Any CPU
		{14CE17AD-BD15-4074-94F3-FEACD842C8C5}.Release|Any CPU.Build.0 = Release|Any CPU
		{C974DE38-1BA6-4FC2-AE94-6F86520C3346}.Debug|Any CPU.ActiveCfg = Debug|Any CPU
		{C974DE38-1BA6-4FC2-AE94-6F86520C3346}.Debug|Any CPU.Build.0 = Debug|Any CPU
		{C974DE38-1BA6-4FC2-AE94-6F86520C3346}.Release|Any CPU.ActiveCfg = Release|Any CPU
		{C974DE38-1BA6-4FC2-AE94-6F86520C3346}.Release|Any CPU.Build.0 = Release|Any CPU
		{8E651847-DFAC-4594-B2F4-9FF29851913F}.Debug|Any CPU.ActiveCfg = Debug|Any CPU
		{8E651847-DFAC-4594-B2F4-9FF29851913F}.Debug|Any CPU.Build.0 = Debug|Any CPU
		{8E651847-DFAC-4594-B2F4-9FF29851913F}.Release|Any CPU.ActiveCfg = Release|Any CPU
		{8E651847-DFAC-4594-B2F4-9FF29851913F}.Release|Any CPU.Build.0 = Release|Any CPU
		{42D9E49E-B2C1-4C49-B808-24A4BD185D2E}.Debug|Any CPU.ActiveCfg = Debug|Any CPU
		{42D9E49E-B2C1-4C49-B808-24A4BD185D2E}.Debug|Any CPU.Build.0 = Debug|Any CPU
		{42D9E49E-B2C1-4C49-B808-24A4BD185D2E}.Release|Any CPU.ActiveCfg = Release|Any CPU
		{42D9E49E-B2C1-4C49-B808-24A4BD185D2E}.Release|Any CPU.Build.0 = Release|Any CPU
		{7DEE6CDE-35F5-455B-A9FB-A614CD71FD74}.Debug|Any CPU.ActiveCfg = Debug|Any CPU
		{7DEE6CDE-35F5-455B-A9FB-A614CD71FD74}.Debug|Any CPU.Build.0 = Debug|Any CPU
		{7DEE6CDE-35F5-455B-A9FB-A614CD71FD74}.Release|Any CPU.ActiveCfg = Release|Any CPU
		{7DEE6CDE-35F5-455B-A9FB-A614CD71FD74}.Release|Any CPU.Build.0 = Release|Any CPU
	EndGlobalSection
	GlobalSection(SolutionProperties) = preSolution
		HideSolutionNode = FALSE
	EndGlobalSection
EndGlobal
