
Microsoft Visual Studio Solution File, Format Version 12.00
# Visual Studio 14
VisualStudioVersion = 14.0.25420.1
MinimumVisualStudioVersion = 10.0.40219.1
Project("{FAE04EC0-301F-11D3-BF4B-00C04F79EFBC}") = "L2Teht", "Tehtavat\L2Teht.csproj", "{EFB8C4D3-B5AA-4993-86D8-5A19A113E535}"
EndProject
Project("{FAE04EC0-301F-11D3-BF4B-00C04F79EFBC}") = "Demot", "..\Demot\Demot\Demot.csproj", "{E5A09480-E9D4-4269-BAD7-B506CA50C818}"
EndProject
Project("{FAE04EC0-301F-11D3-BF4B-00C04F79EFBC}") = "L3KT4", "L3KT4\L3KT4.csproj", "{16398A6C-4B3B-4E53-8A16-18D34AA1D709}"
EndProject
Project("{FAE04EC0-301F-11D3-BF4B-00C04F79EFBC}") = "L3KT5", "L3KT5\L3KT5.csproj", "{AD0424F7-A2FE-483B-8D7B-CF80AB28B85D}"
EndProject
Project("{FAE04EC0-301F-11D3-BF4B-00C04F79EFBC}") = "TTV16S4", "..\TTV16S4\TTV16S4.csproj", "{F2D26128-F34F-4189-BCF5-82C65749C4E3}"
EndProject
Global
	GlobalSection(SolutionConfigurationPlatforms) = preSolution
		Debug|Any CPU = Debug|Any CPU
		Release|Any CPU = Release|Any CPU
	EndGlobalSection
	GlobalSection(ProjectConfigurationPlatforms) = postSolution
		{EFB8C4D3-B5AA-4993-86D8-5A19A113E535}.Debug|Any CPU.ActiveCfg = Debug|Any CPU
		{EFB8C4D3-B5AA-4993-86D8-5A19A113E535}.Debug|Any CPU.Build.0 = Debug|Any CPU
		{EFB8C4D3-B5AA-4993-86D8-5A19A113E535}.Release|Any CPU.ActiveCfg = Release|Any CPU
		{EFB8C4D3-B5AA-4993-86D8-5A19A113E535}.Release|Any CPU.Build.0 = Release|Any CPU
		{E5A09480-E9D4-4269-BAD7-B506CA50C818}.Debug|Any CPU.ActiveCfg = Debug|Any CPU
		{E5A09480-E9D4-4269-BAD7-B506CA50C818}.Debug|Any CPU.Build.0 = Debug|Any CPU
		{E5A09480-E9D4-4269-BAD7-B506CA50C818}.Release|Any CPU.ActiveCfg = Release|Any CPU
		{E5A09480-E9D4-4269-BAD7-B506CA50C818}.Release|Any CPU.Build.0 = Release|Any CPU
		{16398A6C-4B3B-4E53-8A16-18D34AA1D709}.Debug|Any CPU.ActiveCfg = Debug|Any CPU
		{16398A6C-4B3B-4E53-8A16-18D34AA1D709}.Debug|Any CPU.Build.0 = Debug|Any CPU
		{16398A6C-4B3B-4E53-8A16-18D34AA1D709}.Release|Any CPU.ActiveCfg = Release|Any CPU
		{16398A6C-4B3B-4E53-8A16-18D34AA1D709}.Release|Any CPU.Build.0 = Release|Any CPU
		{AD0424F7-A2FE-483B-8D7B-CF80AB28B85D}.Debug|Any CPU.ActiveCfg = Debug|Any CPU
		{AD0424F7-A2FE-483B-8D7B-CF80AB28B85D}.Debug|Any CPU.Build.0 = Debug|Any CPU
		{AD0424F7-A2FE-483B-8D7B-CF80AB28B85D}.Release|Any CPU.ActiveCfg = Release|Any CPU
		{AD0424F7-A2FE-483B-8D7B-CF80AB28B85D}.Release|Any CPU.Build.0 = Release|Any CPU
		{F2D26128-F34F-4189-BCF5-82C65749C4E3}.Debug|Any CPU.ActiveCfg = Debug|Any CPU
		{F2D26128-F34F-4189-BCF5-82C65749C4E3}.Debug|Any CPU.Build.0 = Debug|Any CPU
		{F2D26128-F34F-4189-BCF5-82C65749C4E3}.Release|Any CPU.ActiveCfg = Release|Any CPU
		{F2D26128-F34F-4189-BCF5-82C65749C4E3}.Release|Any CPU.Build.0 = Release|Any CPU
	EndGlobalSection
	GlobalSection(SolutionProperties) = preSolution
		HideSolutionNode = FALSE
	EndGlobalSection
EndGlobal
