
Microsoft Visual Studio Solution File, Format Version 12.00
# Visual Studio 14
VisualStudioVersion = 14.0.25420.1
MinimumVisualStudioVersion = 10.0.40219.1
Project("{FAE04EC0-301F-11D3-BF4B-00C04F79EFBC}") = "L2Teht", "Tehtavat\L2Teht.csproj", "{EFB8C4D3-B5AA-4993-86D8-5A19A113E535}"
EndProject
Project("{FAE04EC0-301F-11D3-BF4B-00C04F79EFBC}") = "Demot", "..\Demot\Demot\Demot.csproj", "{E5A09480-E9D4-4269-BAD7-B506CA50C818}"
EndProject
Project("{FAE04EC0-301F-11D3-BF4B-00C04F79EFBC}") = "L3KT4", "L3KT4\L3KT4.csproj", "{16398A6C-4B3B-4E53-8A16-18D34AA1D709}"
EndProject
Project("{FAE04EC0-301F-11D3-BF4B-00C04F79EFBC}") = "L3KT5", "L3KT5\L3KT5.csproj", "{AD0424F7-A2FE-483B-8D7B-CF80AB28B85D}"
EndProject
Project("{FAE04EC0-301F-11D3-BF4B-00C04F79EFBC}") = "L5T1", "L5T1\L5T1.csproj", "{1A91C9A7-2F10-435B-8AB0-107E8462A148}"
EndProject
Project("{FAE04EC0-301F-11D3-BF4B-00C04F79EFBC}") = "L5T2", "L5T2\L5T2.csproj", "{E1570998-99C7-486A-B42D-0BBBBD118216}"
EndProject
Project("{FAE04EC0-301F-11D3-BF4B-00C04F79EFBC}") = "L5T3", "L5T3\L5T3.csproj", "{F24F5D84-0719-458B-809D-BB84E38A11AE}"
EndProject
Project("{FAE04EC0-301F-11D3-BF4B-00C04F79EFBC}") = "DemoL06T1", "Demo06T1\DemoL06T1.csproj", "{023A2BE9-F08E-4144-9113-F9C96EE09894}"
EndProject
Project("{FAE04EC0-301F-11D3-BF4B-00C04F79EFBC}") = "L6T2", "L6T02\L6T2.csproj", "{CD81D205-E927-43A1-816A-CE95130841A9}"
EndProject
Project("{FAE04EC0-301F-11D3-BF4B-00C04F79EFBC}") = "Testi", "Testi\Testi.csproj", "{A1A654BA-8562-436B-B7E5-DDED643771D5}"
EndProject
Project("{FAE04EC0-301F-11D3-BF4B-00C04F79EFBC}") = "L6T3", "L06T3\L6T3.csproj", "{8AC5281F-AB79-4D4E-840E-2968198AD0AB}"
EndProject
Project("{FAE04EC0-301F-11D3-BF4B-00C04F79EFBC}") = "L6T4", "L6T4\L6T4.csproj", "{564B7AC3-7AAA-417F-8EC4-25BD9B13DB9D}"
EndProject
Project("{FAE04EC0-301F-11D3-BF4B-00C04F79EFBC}") = "DemoL07", "Demo07\DemoL07.csproj", "{A7D2797F-BE30-4FF6-94E9-B973C3FC02CC}"
EndProject
Global
	GlobalSection(SolutionConfigurationPlatforms) = preSolution
		Debug|Any CPU = Debug|Any CPU
		Release|Any CPU = Release|Any CPU
	EndGlobalSection
	GlobalSection(ProjectConfigurationPlatforms) = postSolution
		{EFB8C4D3-B5AA-4993-86D8-5A19A113E535}.Debug|Any CPU.ActiveCfg = Debug|Any CPU
		{EFB8C4D3-B5AA-4993-86D8-5A19A113E535}.Debug|Any CPU.Build.0 = Debug|Any CPU
		{EFB8C4D3-B5AA-4993-86D8-5A19A113E535}.Release|Any CPU.ActiveCfg = Release|Any CPU
		{EFB8C4D3-B5AA-4993-86D8-5A19A113E535}.Release|Any CPU.Build.0 = Release|Any CPU
		{E5A09480-E9D4-4269-BAD7-B506CA50C818}.Debug|Any CPU.ActiveCfg = Debug|Any CPU
		{E5A09480-E9D4-4269-BAD7-B506CA50C818}.Debug|Any CPU.Build.0 = Debug|Any CPU
		{E5A09480-E9D4-4269-BAD7-B506CA50C818}.Release|Any CPU.ActiveCfg = Release|Any CPU
		{E5A09480-E9D4-4269-BAD7-B506CA50C818}.Release|Any CPU.Build.0 = Release|Any CPU
		{16398A6C-4B3B-4E53-8A16-18D34AA1D709}.Debug|Any CPU.ActiveCfg = Debug|Any CPU
		{16398A6C-4B3B-4E53-8A16-18D34AA1D709}.Debug|Any CPU.Build.0 = Debug|Any CPU
		{16398A6C-4B3B-4E53-8A16-18D34AA1D709}.Release|Any CPU.ActiveCfg = Release|Any CPU
		{16398A6C-4B3B-4E53-8A16-18D34AA1D709}.Release|Any CPU.Build.0 = Release|Any CPU
		{AD0424F7-A2FE-483B-8D7B-CF80AB28B85D}.Debug|Any CPU.ActiveCfg = Debug|Any CPU
		{AD0424F7-A2FE-483B-8D7B-CF80AB28B85D}.Debug|Any CPU.Build.0 = Debug|Any CPU
		{AD0424F7-A2FE-483B-8D7B-CF80AB28B85D}.Release|Any CPU.ActiveCfg = Release|Any CPU
		{AD0424F7-A2FE-483B-8D7B-CF80AB28B85D}.Release|Any CPU.Build.0 = Release|Any CPU
		{1A91C9A7-2F10-435B-8AB0-107E8462A148}.Debug|Any CPU.ActiveCfg = Debug|Any CPU
		{1A91C9A7-2F10-435B-8AB0-107E8462A148}.Debug|Any CPU.Build.0 = Debug|Any CPU
		{1A91C9A7-2F10-435B-8AB0-107E8462A148}.Release|Any CPU.ActiveCfg = Release|Any CPU
		{1A91C9A7-2F10-435B-8AB0-107E8462A148}.Release|Any CPU.Build.0 = Release|Any CPU
		{E1570998-99C7-486A-B42D-0BBBBD118216}.Debug|Any CPU.ActiveCfg = Debug|Any CPU
		{E1570998-99C7-486A-B42D-0BBBBD118216}.Debug|Any CPU.Build.0 = Debug|Any CPU
		{E1570998-99C7-486A-B42D-0BBBBD118216}.Release|Any CPU.ActiveCfg = Release|Any CPU
		{E1570998-99C7-486A-B42D-0BBBBD118216}.Release|Any CPU.Build.0 = Release|Any CPU
		{F24F5D84-0719-458B-809D-BB84E38A11AE}.Debug|Any CPU.ActiveCfg = Debug|Any CPU
		{F24F5D84-0719-458B-809D-BB84E38A11AE}.Debug|Any CPU.Build.0 = Debug|Any CPU
		{F24F5D84-0719-458B-809D-BB84E38A11AE}.Release|Any CPU.ActiveCfg = Release|Any CPU
		{F24F5D84-0719-458B-809D-BB84E38A11AE}.Release|Any CPU.Build.0 = Release|Any CPU
		{023A2BE9-F08E-4144-9113-F9C96EE09894}.Debug|Any CPU.ActiveCfg = Debug|Any CPU
		{023A2BE9-F08E-4144-9113-F9C96EE09894}.Debug|Any CPU.Build.0 = Debug|Any CPU
		{023A2BE9-F08E-4144-9113-F9C96EE09894}.Release|Any CPU.ActiveCfg = Release|Any CPU
		{023A2BE9-F08E-4144-9113-F9C96EE09894}.Release|Any CPU.Build.0 = Release|Any CPU
		{CD81D205-E927-43A1-816A-CE95130841A9}.Debug|Any CPU.ActiveCfg = Debug|Any CPU
		{CD81D205-E927-43A1-816A-CE95130841A9}.Debug|Any CPU.Build.0 = Debug|Any CPU
		{CD81D205-E927-43A1-816A-CE95130841A9}.Release|Any CPU.ActiveCfg = Release|Any CPU
		{CD81D205-E927-43A1-816A-CE95130841A9}.Release|Any CPU.Build.0 = Release|Any CPU
		{A1A654BA-8562-436B-B7E5-DDED643771D5}.Debug|Any CPU.ActiveCfg = Debug|Any CPU
		{A1A654BA-8562-436B-B7E5-DDED643771D5}.Debug|Any CPU.Build.0 = Debug|Any CPU
		{A1A654BA-8562-436B-B7E5-DDED643771D5}.Release|Any CPU.ActiveCfg = Release|Any CPU
		{A1A654BA-8562-436B-B7E5-DDED643771D5}.Release|Any CPU.Build.0 = Release|Any CPU
		{8AC5281F-AB79-4D4E-840E-2968198AD0AB}.Debug|Any CPU.ActiveCfg = Debug|Any CPU
		{8AC5281F-AB79-4D4E-840E-2968198AD0AB}.Debug|Any CPU.Build.0 = Debug|Any CPU
		{8AC5281F-AB79-4D4E-840E-2968198AD0AB}.Release|Any CPU.ActiveCfg = Release|Any CPU
		{8AC5281F-AB79-4D4E-840E-2968198AD0AB}.Release|Any CPU.Build.0 = Release|Any CPU
		{564B7AC3-7AAA-417F-8EC4-25BD9B13DB9D}.Debug|Any CPU.ActiveCfg = Debug|Any CPU
		{564B7AC3-7AAA-417F-8EC4-25BD9B13DB9D}.Debug|Any CPU.Build.0 = Debug|Any CPU
		{564B7AC3-7AAA-417F-8EC4-25BD9B13DB9D}.Release|Any CPU.ActiveCfg = Release|Any CPU
		{564B7AC3-7AAA-417F-8EC4-25BD9B13DB9D}.Release|Any CPU.Build.0 = Release|Any CPU
		{A7D2797F-BE30-4FF6-94E9-B973C3FC02CC}.Debug|Any CPU.ActiveCfg = Debug|Any CPU
		{A7D2797F-BE30-4FF6-94E9-B973C3FC02CC}.Debug|Any CPU.Build.0 = Debug|Any CPU
		{A7D2797F-BE30-4FF6-94E9-B973C3FC02CC}.Release|Any CPU.ActiveCfg = Release|Any CPU
		{A7D2797F-BE30-4FF6-94E9-B973C3FC02CC}.Release|Any CPU.Build.0 = Release|Any CPU
	EndGlobalSection
	GlobalSection(SolutionProperties) = preSolution
		HideSolutionNode = FALSE
	EndGlobalSection
EndGlobal
